
Microsoft Visual Studio Solution File, Format Version 12.00
# Visual Studio Version 17
VisualStudioVersion = 17.7.34009.444
MinimumVisualStudioVersion = 10.0.40219.1
Project("{FAE04EC0-301F-11D3-BF4B-00C04F79EFBC}") = "TpIntegradorSofttekFront", "TpIntegradorSofttekFront\TpIntegradorSofttekFront.csproj", "{541786D8-9D21-48FE-BE0A-060F06D438DC}"
EndProject
Global
	GlobalSection(SolutionConfigurationPlatforms) = preSolution
		Debug|Any CPU = Debug|Any CPU
		Release|Any CPU = Release|Any CPU
	EndGlobalSection
	GlobalSection(ProjectConfigurationPlatforms) = postSolution
		{541786D8-9D21-48FE-BE0A-060F06D438DC}.Debug|Any CPU.ActiveCfg = Debug|Any CPU
		{541786D8-9D21-48FE-BE0A-060F06D438DC}.Debug|Any CPU.Build.0 = Debug|Any CPU
		{541786D8-9D21-48FE-BE0A-060F06D438DC}.Release|Any CPU.ActiveCfg = Release|Any CPU
		{541786D8-9D21-48FE-BE0A-060F06D438DC}.Release|Any CPU.Build.0 = Release|Any CPU
	EndGlobalSection
	GlobalSection(SolutionProperties) = preSolution
		HideSolutionNode = FALSE
	EndGlobalSection
	GlobalSection(ExtensibilityGlobals) = postSolution
		SolutionGuid = {F2A6153A-AC54-4202-86FE-3FE3EF30032C}
	EndGlobalSection
EndGlobal
